// !$*UTF8*$!
{
	archiveVersion = 1;
	classes = {
	};
	objectVersion = 54;
	objects = {

/* Begin PBXBuildFile section */
		CE27CD2B29CB1D8E00974EB7 /* GoogleButton.swift in Sources */ = {isa = PBXBuildFile; fileRef = CE27CD2A29CB1D8E00974EB7 /* GoogleButton.swift */; };
		CE27CD3529CE0D2800974EB7 /* MainScreenTabBarContoller.swift in Sources */ = {isa = PBXBuildFile; fileRef = CE27CD3429CE0D2800974EB7 /* MainScreenTabBarContoller.swift */; };
		CE27CD3829CE257900974EB7 /* ProfileViewController.swift in Sources */ = {isa = PBXBuildFile; fileRef = CE27CD3729CE257900974EB7 /* ProfileViewController.swift */; };
		CE27CD3B29CE25EF00974EB7 /* BusinessPlansViewController.swift in Sources */ = {isa = PBXBuildFile; fileRef = CE27CD3A29CE25EF00974EB7 /* BusinessPlansViewController.swift */; };
		CE356FE729BCA50800A5A0C4 /* AuthViewController.swift in Sources */ = {isa = PBXBuildFile; fileRef = CE356FE629BCA50800A5A0C4 /* AuthViewController.swift */; };
		CE356FED29BCA8BF00A5A0C4 /* UIColor + Extension.swift in Sources */ = {isa = PBXBuildFile; fileRef = CE356FEC29BCA8BF00A5A0C4 /* UIColor + Extension.swift */; };
		CE356FF329BCC35D00A5A0C4 /* LoginModel.swift in Sources */ = {isa = PBXBuildFile; fileRef = CE356FF229BCC35D00A5A0C4 /* LoginModel.swift */; };
		CE356FF929BCD28900A5A0C4 /* CustomButtons.swift in Sources */ = {isa = PBXBuildFile; fileRef = CE356FF829BCD28900A5A0C4 /* CustomButtons.swift */; };
		CE35700F29BE000300A5A0C4 /* CustomTextField.swift in Sources */ = {isa = PBXBuildFile; fileRef = CE35700E29BE000300A5A0C4 /* CustomTextField.swift */; };
		CE35702829BF185900A5A0C4 /* LoginCollectionViewCell.swift in Sources */ = {isa = PBXBuildFile; fileRef = CE35702729BF185900A5A0C4 /* LoginCollectionViewCell.swift */; };
		CE35703229C3089E00A5A0C4 /* RegistationViewController.swift in Sources */ = {isa = PBXBuildFile; fileRef = CE35703129C3089E00A5A0C4 /* RegistationViewController.swift */; };
		CE35703929C4B0D900A5A0C4 /* GoogleService-Info.plist in Resources */ = {isa = PBXBuildFile; fileRef = CE35703829C4B0D900A5A0C4 /* GoogleService-Info.plist */; };
		CE35703D29C4B6DC00A5A0C4 /* FirebaseAnalytics in Frameworks */ = {isa = PBXBuildFile; productRef = CE35703C29C4B6DC00A5A0C4 /* FirebaseAnalytics */; };
		CE35703F29C4B6DC00A5A0C4 /* FirebaseDatabaseSwift in Frameworks */ = {isa = PBXBuildFile; productRef = CE35703E29C4B6DC00A5A0C4 /* FirebaseDatabaseSwift */; };
		CE35704129C4B6DC00A5A0C4 /* FirebaseFirestoreSwift in Frameworks */ = {isa = PBXBuildFile; productRef = CE35704029C4B6DC00A5A0C4 /* FirebaseFirestoreSwift */; };
		CE35704329C4B6DC00A5A0C4 /* FirebaseAuth in Frameworks */ = {isa = PBXBuildFile; productRef = CE35704229C4B6DC00A5A0C4 /* FirebaseAuth */; };
		CE35704829C4BEC900A5A0C4 /* FirebaseFirestore in Frameworks */ = {isa = PBXBuildFile; productRef = CE35704729C4BEC900A5A0C4 /* FirebaseFirestore */; };
		CE35704A29C4BED300A5A0C4 /* FirebaseDatabase in Frameworks */ = {isa = PBXBuildFile; productRef = CE35704929C4BED300A5A0C4 /* FirebaseDatabase */; };
		CE35704F29C5A90E00A5A0C4 /* ApiManager.swift in Sources */ = {isa = PBXBuildFile; fileRef = CE35704E29C5A90C00A5A0C4 /* ApiManager.swift */; };
		CE35705229C5E84200A5A0C4 /* UserModel.swift in Sources */ = {isa = PBXBuildFile; fileRef = CE35705129C5E84100A5A0C4 /* UserModel.swift */; };
		CE35706029C85D1400A5A0C4 /* GoogleSignIn in Frameworks */ = {isa = PBXBuildFile; productRef = CE35705F29C85D1400A5A0C4 /* GoogleSignIn */; };
		CE35706229C85D1400A5A0C4 /* GoogleSignInSwift in Frameworks */ = {isa = PBXBuildFile; productRef = CE35706129C85D1400A5A0C4 /* GoogleSignInSwift */; };
		CE559ADC29E4659C009F66E9 /* LoginViewModel.swift in Sources */ = {isa = PBXBuildFile; fileRef = CE559ADB29E4659C009F66E9 /* LoginViewModel.swift */; };
		CE559AE029E465D5009F66E9 /* LoginViewModelProtocol.swift in Sources */ = {isa = PBXBuildFile; fileRef = CE559ADF29E465D5009F66E9 /* LoginViewModelProtocol.swift */; };
		CE559AE429E468D8009F66E9 /* ItemViewModel.swift in Sources */ = {isa = PBXBuildFile; fileRef = CE559AE329E468D8009F66E9 /* ItemViewModel.swift */; };
		CE559AE729E468F1009F66E9 /* ItemViewModelProtocol.swift in Sources */ = {isa = PBXBuildFile; fileRef = CE559AE629E468F1009F66E9 /* ItemViewModelProtocol.swift */; };
		CE559AF229E4706D009F66E9 /* AuthModel.swift in Sources */ = {isa = PBXBuildFile; fileRef = CE559AF129E4706D009F66E9 /* AuthModel.swift */; };
		CE559AF529E4707E009F66E9 /* AuthViewModel.swift in Sources */ = {isa = PBXBuildFile; fileRef = CE559AF429E4707E009F66E9 /* AuthViewModel.swift */; };
		CE559AF829E4708E009F66E9 /* AuthViewModelProtocol.swift in Sources */ = {isa = PBXBuildFile; fileRef = CE559AF729E4708E009F66E9 /* AuthViewModelProtocol.swift */; };
		CE559B0329E9616F009F66E9 /* Dynamic.swift in Sources */ = {isa = PBXBuildFile; fileRef = CE559B0229E9616F009F66E9 /* Dynamic.swift */; };
		CE559B0729EAE5E1009F66E9 /* RegistrationModel.swift in Sources */ = {isa = PBXBuildFile; fileRef = CE559B0629EAE5E1009F66E9 /* RegistrationModel.swift */; };
		CE559B0B29EAE613009F66E9 /* RegistrationViewModel.swift in Sources */ = {isa = PBXBuildFile; fileRef = CE559B0A29EAE613009F66E9 /* RegistrationViewModel.swift */; };
		CE559B0E29EAE623009F66E9 /* RegistrationViewModelProtocol.swift in Sources */ = {isa = PBXBuildFile; fileRef = CE559B0D29EAE623009F66E9 /* RegistrationViewModelProtocol.swift */; };
		CE67FB8429BB7E5500C21E2F /* AppDelegate.swift in Sources */ = {isa = PBXBuildFile; fileRef = CE67FB8329BB7E5500C21E2F /* AppDelegate.swift */; };
		CE67FB8629BB7E5500C21E2F /* SceneDelegate.swift in Sources */ = {isa = PBXBuildFile; fileRef = CE67FB8529BB7E5500C21E2F /* SceneDelegate.swift */; };
		CE67FB8829BB7E5500C21E2F /* LoginViewController.swift in Sources */ = {isa = PBXBuildFile; fileRef = CE67FB8729BB7E5500C21E2F /* LoginViewController.swift */; };
		CE67FB8D29BB7E6000C21E2F /* Assets.xcassets in Resources */ = {isa = PBXBuildFile; fileRef = CE67FB8C29BB7E6000C21E2F /* Assets.xcassets */; };
		CE67FB9029BB7E6000C21E2F /* LaunchScreen.storyboard in Resources */ = {isa = PBXBuildFile; fileRef = CE67FB8E29BB7E6000C21E2F /* LaunchScreen.storyboard */; };
		CE8D423E29D1FD63000BA592 /* HomeViewController.swift in Sources */ = {isa = PBXBuildFile; fileRef = CE8D423D29D1FD63000BA592 /* HomeViewController.swift */; };
		CE9DEC0C29D4A0F70026CF52 /* CreateNavBarItemProtocol.swift in Sources */ = {isa = PBXBuildFile; fileRef = CE9DEC0B29D4A0F70026CF52 /* CreateNavBarItemProtocol.swift */; };
		CEA3CFFA29D31A6300AF2203 /* ImageNames.swift in Sources */ = {isa = PBXBuildFile; fileRef = CEA3CFF929D31A6300AF2203 /* ImageNames.swift */; };
		CEA3CFFD29D31B4300AF2203 /* EditProfileViewController.swift in Sources */ = {isa = PBXBuildFile; fileRef = CEA3CFFC29D31B4300AF2203 /* EditProfileViewController.swift */; };
/* End PBXBuildFile section */

/* Begin PBXFileReference section */
		CE27CD2A29CB1D8E00974EB7 /* GoogleButton.swift */ = {isa = PBXFileReference; lastKnownFileType = sourcecode.swift; path = GoogleButton.swift; sourceTree = "<group>"; };
		CE27CD3429CE0D2800974EB7 /* MainScreenTabBarContoller.swift */ = {isa = PBXFileReference; lastKnownFileType = sourcecode.swift; path = MainScreenTabBarContoller.swift; sourceTree = "<group>"; };
		CE27CD3729CE257900974EB7 /* ProfileViewController.swift */ = {isa = PBXFileReference; lastKnownFileType = sourcecode.swift; path = ProfileViewController.swift; sourceTree = "<group>"; };
		CE27CD3A29CE25EF00974EB7 /* BusinessPlansViewController.swift */ = {isa = PBXFileReference; lastKnownFileType = sourcecode.swift; path = BusinessPlansViewController.swift; sourceTree = "<group>"; };
		CE356FE629BCA50800A5A0C4 /* AuthViewController.swift */ = {isa = PBXFileReference; lastKnownFileType = sourcecode.swift; path = AuthViewController.swift; sourceTree = "<group>"; };
		CE356FEC29BCA8BF00A5A0C4 /* UIColor + Extension.swift */ = {isa = PBXFileReference; lastKnownFileType = sourcecode.swift; path = "UIColor + Extension.swift"; sourceTree = "<group>"; };
		CE356FF229BCC35D00A5A0C4 /* LoginModel.swift */ = {isa = PBXFileReference; lastKnownFileType = sourcecode.swift; path = LoginModel.swift; sourceTree = "<group>"; };
		CE356FF829BCD28900A5A0C4 /* CustomButtons.swift */ = {isa = PBXFileReference; lastKnownFileType = sourcecode.swift; path = CustomButtons.swift; sourceTree = "<group>"; };
		CE35700E29BE000300A5A0C4 /* CustomTextField.swift */ = {isa = PBXFileReference; lastKnownFileType = sourcecode.swift; path = CustomTextField.swift; sourceTree = "<group>"; };
		CE35702729BF185900A5A0C4 /* LoginCollectionViewCell.swift */ = {isa = PBXFileReference; lastKnownFileType = sourcecode.swift; path = LoginCollectionViewCell.swift; sourceTree = "<group>"; };
		CE35703129C3089E00A5A0C4 /* RegistationViewController.swift */ = {isa = PBXFileReference; lastKnownFileType = sourcecode.swift; path = RegistationViewController.swift; sourceTree = "<group>"; };
		CE35703829C4B0D900A5A0C4 /* GoogleService-Info.plist */ = {isa = PBXFileReference; fileEncoding = 4; lastKnownFileType = text.plist.xml; path = "GoogleService-Info.plist"; sourceTree = "<group>"; };
		CE35704E29C5A90C00A5A0C4 /* ApiManager.swift */ = {isa = PBXFileReference; lastKnownFileType = sourcecode.swift; path = ApiManager.swift; sourceTree = "<group>"; };
		CE35705129C5E84100A5A0C4 /* UserModel.swift */ = {isa = PBXFileReference; lastKnownFileType = sourcecode.swift; path = UserModel.swift; sourceTree = "<group>"; };
		CE559ADB29E4659C009F66E9 /* LoginViewModel.swift */ = {isa = PBXFileReference; lastKnownFileType = sourcecode.swift; path = LoginViewModel.swift; sourceTree = "<group>"; };
		CE559ADF29E465D5009F66E9 /* LoginViewModelProtocol.swift */ = {isa = PBXFileReference; lastKnownFileType = sourcecode.swift; path = LoginViewModelProtocol.swift; sourceTree = "<group>"; };
		CE559AE329E468D8009F66E9 /* ItemViewModel.swift */ = {isa = PBXFileReference; lastKnownFileType = sourcecode.swift; path = ItemViewModel.swift; sourceTree = "<group>"; };
		CE559AE629E468F1009F66E9 /* ItemViewModelProtocol.swift */ = {isa = PBXFileReference; lastKnownFileType = sourcecode.swift; path = ItemViewModelProtocol.swift; sourceTree = "<group>"; };
		CE559AF129E4706D009F66E9 /* AuthModel.swift */ = {isa = PBXFileReference; lastKnownFileType = sourcecode.swift; path = AuthModel.swift; sourceTree = "<group>"; };
		CE559AF429E4707E009F66E9 /* AuthViewModel.swift */ = {isa = PBXFileReference; lastKnownFileType = sourcecode.swift; path = AuthViewModel.swift; sourceTree = "<group>"; };
		CE559AF729E4708E009F66E9 /* AuthViewModelProtocol.swift */ = {isa = PBXFileReference; lastKnownFileType = sourcecode.swift; path = AuthViewModelProtocol.swift; sourceTree = "<group>"; };
		CE559B0229E9616F009F66E9 /* Dynamic.swift */ = {isa = PBXFileReference; lastKnownFileType = sourcecode.swift; path = Dynamic.swift; sourceTree = "<group>"; };
		CE559B0629EAE5E1009F66E9 /* RegistrationModel.swift */ = {isa = PBXFileReference; lastKnownFileType = sourcecode.swift; path = RegistrationModel.swift; sourceTree = "<group>"; };
		CE559B0A29EAE613009F66E9 /* RegistrationViewModel.swift */ = {isa = PBXFileReference; lastKnownFileType = sourcecode.swift; path = RegistrationViewModel.swift; sourceTree = "<group>"; };
		CE559B0D29EAE623009F66E9 /* RegistrationViewModelProtocol.swift */ = {isa = PBXFileReference; lastKnownFileType = sourcecode.swift; path = RegistrationViewModelProtocol.swift; sourceTree = "<group>"; };
		CE67FB8029BB7E5500C21E2F /* BusinessCalculation.app */ = {isa = PBXFileReference; explicitFileType = wrapper.application; includeInIndex = 0; path = BusinessCalculation.app; sourceTree = BUILT_PRODUCTS_DIR; };
		CE67FB8329BB7E5500C21E2F /* AppDelegate.swift */ = {isa = PBXFileReference; lastKnownFileType = sourcecode.swift; path = AppDelegate.swift; sourceTree = "<group>"; };
		CE67FB8529BB7E5500C21E2F /* SceneDelegate.swift */ = {isa = PBXFileReference; lastKnownFileType = sourcecode.swift; path = SceneDelegate.swift; sourceTree = "<group>"; };
		CE67FB8729BB7E5500C21E2F /* LoginViewController.swift */ = {isa = PBXFileReference; lastKnownFileType = sourcecode.swift; path = LoginViewController.swift; sourceTree = "<group>"; };
		CE67FB8C29BB7E6000C21E2F /* Assets.xcassets */ = {isa = PBXFileReference; lastKnownFileType = folder.assetcatalog; path = Assets.xcassets; sourceTree = "<group>"; };
		CE67FB8F29BB7E6000C21E2F /* Base */ = {isa = PBXFileReference; lastKnownFileType = file.storyboard; name = Base; path = Base.lproj/LaunchScreen.storyboard; sourceTree = "<group>"; };
		CE67FB9129BB7E6000C21E2F /* Info.plist */ = {isa = PBXFileReference; lastKnownFileType = text.plist.xml; path = Info.plist; sourceTree = "<group>"; };
		CE8D423D29D1FD63000BA592 /* HomeViewController.swift */ = {isa = PBXFileReference; lastKnownFileType = sourcecode.swift; path = HomeViewController.swift; sourceTree = "<group>"; };
		CE9DEC0B29D4A0F70026CF52 /* CreateNavBarItemProtocol.swift */ = {isa = PBXFileReference; lastKnownFileType = sourcecode.swift; path = CreateNavBarItemProtocol.swift; sourceTree = "<group>"; };
		CEA3CFF929D31A6300AF2203 /* ImageNames.swift */ = {isa = PBXFileReference; lastKnownFileType = sourcecode.swift; path = ImageNames.swift; sourceTree = "<group>"; };
		CEA3CFFC29D31B4300AF2203 /* EditProfileViewController.swift */ = {isa = PBXFileReference; lastKnownFileType = sourcecode.swift; path = EditProfileViewController.swift; sourceTree = "<group>"; };
/* End PBXFileReference section */

/* Begin PBXFrameworksBuildPhase section */
		CE67FB7D29BB7E5500C21E2F /* Frameworks */ = {
			isa = PBXFrameworksBuildPhase;
			buildActionMask = 2147483647;
			files = (
				CE35704A29C4BED300A5A0C4 /* FirebaseDatabase in Frameworks */,
				CE35703F29C4B6DC00A5A0C4 /* FirebaseDatabaseSwift in Frameworks */,
				CE35703D29C4B6DC00A5A0C4 /* FirebaseAnalytics in Frameworks */,
				CE35706229C85D1400A5A0C4 /* GoogleSignInSwift in Frameworks */,
				CE35704129C4B6DC00A5A0C4 /* FirebaseFirestoreSwift in Frameworks */,
				CE35704829C4BEC900A5A0C4 /* FirebaseFirestore in Frameworks */,
				CE35704329C4B6DC00A5A0C4 /* FirebaseAuth in Frameworks */,
				CE35706029C85D1400A5A0C4 /* GoogleSignIn in Frameworks */,
			);
			runOnlyForDeploymentPostprocessing = 0;
		};
/* End PBXFrameworksBuildPhase section */

/* Begin PBXGroup section */
		CE27CD3229CE09CD00974EB7 /* Modules */ = {
			isa = PBXGroup;
			children = (
				CE356FE429BCA4ED00A5A0C4 /* LoginScreen */,
				CE27CD3329CE09DC00974EB7 /* MainScreen */,
			);
			path = Modules;
			sourceTree = "<group>";
		};
		CE27CD3329CE09DC00974EB7 /* MainScreen */ = {
			isa = PBXGroup;
			children = (
				CE27CD3429CE0D2800974EB7 /* MainScreenTabBarContoller.swift */,
				CE6578A829E06723000F3240 /* ProfileScreen */,
				CE6578AA29E0673A000F3240 /* EditProfileScreen */,
				CE27CD3A29CE25EF00974EB7 /* BusinessPlansViewController.swift */,
				CE8D423D29D1FD63000BA592 /* HomeViewController.swift */,
				CE9DEC0B29D4A0F70026CF52 /* CreateNavBarItemProtocol.swift */,
			);
			path = MainScreen;
			sourceTree = "<group>";
		};
		CE356FD829BCA3AC00A5A0C4 /* Application */ = {
			isa = PBXGroup;
			children = (
				CE67FB8329BB7E5500C21E2F /* AppDelegate.swift */,
				CE67FB8529BB7E5500C21E2F /* SceneDelegate.swift */,
			);
			path = Application;
			sourceTree = "<group>";
		};
		CE356FE429BCA4ED00A5A0C4 /* LoginScreen */ = {
			isa = PBXGroup;
			children = (
				CE356FF129BCC34B00A5A0C4 /* MainLogin */,
				CE35700C29BDFCF800A5A0C4 /* Auth */,
				CE35701D29BF062C00A5A0C4 /* Register */,
			);
			path = LoginScreen;
			sourceTree = "<group>";
		};
		CE356FF129BCC34B00A5A0C4 /* MainLogin */ = {
			isa = PBXGroup;
			children = (
				CE559AEA29E46CC9009F66E9 /* Model */,
				CE559AEC29E46CD4009F66E9 /* Views */,
				CE559AED29E46CE5009F66E9 /* ViewModels */,
			);
			path = MainLogin;
			sourceTree = "<group>";
		};
		CE35700C29BDFCF800A5A0C4 /* Auth */ = {
			isa = PBXGroup;
			children = (
				CE559AFB29E5B840009F66E9 /* Model */,
				CE559AFD29E5B84D009F66E9 /* View */,
				CE559AFE29E5B864009F66E9 /* ViewModel */,
			);
			path = Auth;
			sourceTree = "<group>";
		};
		CE35701D29BF062C00A5A0C4 /* Register */ = {
			isa = PBXGroup;
			children = (
				CE559B0629EAE5E1009F66E9 /* RegistrationModel.swift */,
				CE35703129C3089E00A5A0C4 /* RegistationViewController.swift */,
				CE559B0A29EAE613009F66E9 /* RegistrationViewModel.swift */,
				CE559B0D29EAE623009F66E9 /* RegistrationViewModelProtocol.swift */,
			);
			path = Register;
			sourceTree = "<group>";
		};
		CE35704629C4BEC900A5A0C4 /* Frameworks */ = {
			isa = PBXGroup;
			children = (
			);
			name = Frameworks;
			sourceTree = "<group>";
		};
		CE35704C29C5A8BF00A5A0C4 /* Service */ = {
			isa = PBXGroup;
			children = (
				CE35704D29C5A8DB00A5A0C4 /* Firebase */,
			);
			path = Service;
			sourceTree = "<group>";
		};
		CE35704D29C5A8DB00A5A0C4 /* Firebase */ = {
			isa = PBXGroup;
			children = (
				CE35704E29C5A90C00A5A0C4 /* ApiManager.swift */,
				CE35705129C5E84100A5A0C4 /* UserModel.swift */,
			);
			path = Firebase;
			sourceTree = "<group>";
		};
		CE559AEA29E46CC9009F66E9 /* Model */ = {
			isa = PBXGroup;
			children = (
				CE356FF229BCC35D00A5A0C4 /* LoginModel.swift */,
			);
			path = Model;
			sourceTree = "<group>";
		};
		CE559AEC29E46CD4009F66E9 /* Views */ = {
			isa = PBXGroup;
			children = (
				CE67FB8729BB7E5500C21E2F /* LoginViewController.swift */,
				CE35702729BF185900A5A0C4 /* LoginCollectionViewCell.swift */,
			);
			path = Views;
			sourceTree = "<group>";
		};
		CE559AED29E46CE5009F66E9 /* ViewModels */ = {
			isa = PBXGroup;
			children = (
				CE559ADB29E4659C009F66E9 /* LoginViewModel.swift */,
				CE559ADF29E465D5009F66E9 /* LoginViewModelProtocol.swift */,
				CE559AE329E468D8009F66E9 /* ItemViewModel.swift */,
				CE559AE629E468F1009F66E9 /* ItemViewModelProtocol.swift */,
			);
			path = ViewModels;
			sourceTree = "<group>";
		};
		CE559AFB29E5B840009F66E9 /* Model */ = {
			isa = PBXGroup;
			children = (
				CE559AF129E4706D009F66E9 /* AuthModel.swift */,
			);
			path = Model;
			sourceTree = "<group>";
		};
		CE559AFD29E5B84D009F66E9 /* View */ = {
			isa = PBXGroup;
			children = (
				CE356FE629BCA50800A5A0C4 /* AuthViewController.swift */,
			);
			path = View;
			sourceTree = "<group>";
		};
		CE559AFE29E5B864009F66E9 /* ViewModel */ = {
			isa = PBXGroup;
			children = (
				CE559AF429E4707E009F66E9 /* AuthViewModel.swift */,
				CE559AF729E4708E009F66E9 /* AuthViewModelProtocol.swift */,
			);
			path = ViewModel;
			sourceTree = "<group>";
		};
		CE6578A829E06723000F3240 /* ProfileScreen */ = {
			isa = PBXGroup;
			children = (
				CE27CD3729CE257900974EB7 /* ProfileViewController.swift */,
			);
			path = ProfileScreen;
			sourceTree = "<group>";
		};
		CE6578AA29E0673A000F3240 /* EditProfileScreen */ = {
			isa = PBXGroup;
			children = (
				CEA3CFFC29D31B4300AF2203 /* EditProfileViewController.swift */,
			);
			path = EditProfileScreen;
			sourceTree = "<group>";
		};
		CE67FB7729BB7E5500C21E2F = {
			isa = PBXGroup;
			children = (
				CE67FB8229BB7E5500C21E2F /* BusinessCalculation */,
				CE67FB8129BB7E5500C21E2F /* Products */,
				CE35704629C4BEC900A5A0C4 /* Frameworks */,
			);
			sourceTree = "<group>";
		};
		CE67FB8129BB7E5500C21E2F /* Products */ = {
			isa = PBXGroup;
			children = (
				CE67FB8029BB7E5500C21E2F /* BusinessCalculation.app */,
			);
			name = Products;
			sourceTree = "<group>";
		};
		CE67FB8229BB7E5500C21E2F /* BusinessCalculation */ = {
			isa = PBXGroup;
			children = (
				CE356FD829BCA3AC00A5A0C4 /* Application */,
				CE35704C29C5A8BF00A5A0C4 /* Service */,
				CE27CD3229CE09CD00974EB7 /* Modules */,
				CE67FB8C29BB7E6000C21E2F /* Assets.xcassets */,
				CE559B0229E9616F009F66E9 /* Dynamic.swift */,
				CEA3CFF929D31A6300AF2203 /* ImageNames.swift */,
				CE356FEC29BCA8BF00A5A0C4 /* UIColor + Extension.swift */,
				CE356FF829BCD28900A5A0C4 /* CustomButtons.swift */,
				CE35700E29BE000300A5A0C4 /* CustomTextField.swift */,
				CE27CD2A29CB1D8E00974EB7 /* GoogleButton.swift */,
				CE67FB8E29BB7E6000C21E2F /* LaunchScreen.storyboard */,
				CE35703829C4B0D900A5A0C4 /* GoogleService-Info.plist */,
				CE67FB9129BB7E6000C21E2F /* Info.plist */,
			);
			path = BusinessCalculation;
			sourceTree = "<group>";
		};
/* End PBXGroup section */

/* Begin PBXNativeTarget section */
		CE67FB7F29BB7E5500C21E2F /* BusinessCalculation */ = {
			isa = PBXNativeTarget;
			buildConfigurationList = CE67FB9429BB7E6000C21E2F /* Build configuration list for PBXNativeTarget "BusinessCalculation" */;
			buildPhases = (
				CE67FB7C29BB7E5500C21E2F /* Sources */,
				CE67FB7D29BB7E5500C21E2F /* Frameworks */,
				CE67FB7E29BB7E5500C21E2F /* Resources */,
			);
			buildRules = (
			);
			dependencies = (
			);
			name = BusinessCalculation;
			packageProductDependencies = (
				CE35703C29C4B6DC00A5A0C4 /* FirebaseAnalytics */,
				CE35703E29C4B6DC00A5A0C4 /* FirebaseDatabaseSwift */,
				CE35704029C4B6DC00A5A0C4 /* FirebaseFirestoreSwift */,
				CE35704229C4B6DC00A5A0C4 /* FirebaseAuth */,
				CE35704729C4BEC900A5A0C4 /* FirebaseFirestore */,
				CE35704929C4BED300A5A0C4 /* FirebaseDatabase */,
				CE35705F29C85D1400A5A0C4 /* GoogleSignIn */,
				CE35706129C85D1400A5A0C4 /* GoogleSignInSwift */,
			);
			productName = BusinessCalculation;
			productReference = CE67FB8029BB7E5500C21E2F /* BusinessCalculation.app */;
			productType = "com.apple.product-type.application";
		};
/* End PBXNativeTarget section */

/* Begin PBXProject section */
		CE67FB7829BB7E5500C21E2F /* Project object */ = {
			isa = PBXProject;
			attributes = {
				BuildIndependentTargetsInParallel = YES;
				LastSwiftUpdateCheck = 1240;
				LastUpgradeCheck = 1430;
				TargetAttributes = {
					CE67FB7F29BB7E5500C21E2F = {
						CreatedOnToolsVersion = 12.4;
					};
				};
			};
			buildConfigurationList = CE67FB7B29BB7E5500C21E2F /* Build configuration list for PBXProject "BusinessCalculation" */;
			compatibilityVersion = "Xcode 12.0";
			developmentRegion = en;
			hasScannedForEncodings = 0;
			knownRegions = (
				en,
				Base,
			);
			mainGroup = CE67FB7729BB7E5500C21E2F;
			packageReferences = (
				CE35703B29C4B6DC00A5A0C4 /* XCRemoteSwiftPackageReference "firebase-ios-sdk" */,
				CE35705E29C85D1400A5A0C4 /* XCRemoteSwiftPackageReference "GoogleSignIn-Ios" */,
			);
			productRefGroup = CE67FB8129BB7E5500C21E2F /* Products */;
			projectDirPath = "";
			projectRoot = "";
			targets = (
				CE67FB7F29BB7E5500C21E2F /* BusinessCalculation */,
			);
		};
/* End PBXProject section */

/* Begin PBXResourcesBuildPhase section */
		CE67FB7E29BB7E5500C21E2F /* Resources */ = {
			isa = PBXResourcesBuildPhase;
			buildActionMask = 2147483647;
			files = (
				CE67FB9029BB7E6000C21E2F /* LaunchScreen.storyboard in Resources */,
				CE67FB8D29BB7E6000C21E2F /* Assets.xcassets in Resources */,
				CE35703929C4B0D900A5A0C4 /* GoogleService-Info.plist in Resources */,
			);
			runOnlyForDeploymentPostprocessing = 0;
		};
/* End PBXResourcesBuildPhase section */

/* Begin PBXSourcesBuildPhase section */
		CE67FB7C29BB7E5500C21E2F /* Sources */ = {
			isa = PBXSourcesBuildPhase;
			buildActionMask = 2147483647;
			files = (
				CE35703229C3089E00A5A0C4 /* RegistationViewController.swift in Sources */,
				CE35702829BF185900A5A0C4 /* LoginCollectionViewCell.swift in Sources */,
				CE356FE729BCA50800A5A0C4 /* AuthViewController.swift in Sources */,
				CE8D423E29D1FD63000BA592 /* HomeViewController.swift in Sources */,
				CE559AF229E4706D009F66E9 /* AuthModel.swift in Sources */,
				CE9DEC0C29D4A0F70026CF52 /* CreateNavBarItemProtocol.swift in Sources */,
				CE356FF329BCC35D00A5A0C4 /* LoginModel.swift in Sources */,
				CE356FF929BCD28900A5A0C4 /* CustomButtons.swift in Sources */,
				CE559AF829E4708E009F66E9 /* AuthViewModelProtocol.swift in Sources */,
				CE559AE429E468D8009F66E9 /* ItemViewModel.swift in Sources */,
				CE27CD2B29CB1D8E00974EB7 /* GoogleButton.swift in Sources */,
				CEA3CFFD29D31B4300AF2203 /* EditProfileViewController.swift in Sources */,
				CE67FB8829BB7E5500C21E2F /* LoginViewController.swift in Sources */,
				CEA3CFFA29D31A6300AF2203 /* ImageNames.swift in Sources */,
				CE27CD3529CE0D2800974EB7 /* MainScreenTabBarContoller.swift in Sources */,
				CE67FB8429BB7E5500C21E2F /* AppDelegate.swift in Sources */,
				CE35704F29C5A90E00A5A0C4 /* ApiManager.swift in Sources */,
				CE559B0329E9616F009F66E9 /* Dynamic.swift in Sources */,
				CE559AE029E465D5009F66E9 /* LoginViewModelProtocol.swift in Sources */,
				CE67FB8629BB7E5500C21E2F /* SceneDelegate.swift in Sources */,
				CE356FED29BCA8BF00A5A0C4 /* UIColor + Extension.swift in Sources */,
				CE27CD3829CE257900974EB7 /* ProfileViewController.swift in Sources */,
				CE559AE729E468F1009F66E9 /* ItemViewModelProtocol.swift in Sources */,
				CE35705229C5E84200A5A0C4 /* UserModel.swift in Sources */,
				CE35700F29BE000300A5A0C4 /* CustomTextField.swift in Sources */,
				CE559B0B29EAE613009F66E9 /* RegistrationViewModel.swift in Sources */,
				CE559B0729EAE5E1009F66E9 /* RegistrationModel.swift in Sources */,
				CE27CD3B29CE25EF00974EB7 /* BusinessPlansViewController.swift in Sources */,
				CE559AF529E4707E009F66E9 /* AuthViewModel.swift in Sources */,
				CE559ADC29E4659C009F66E9 /* LoginViewModel.swift in Sources */,
				CE559B0E29EAE623009F66E9 /* RegistrationViewModelProtocol.swift in Sources */,
			);
			runOnlyForDeploymentPostprocessing = 0;
		};
/* End PBXSourcesBuildPhase section */

/* Begin PBXVariantGroup section */
		CE67FB8E29BB7E6000C21E2F /* LaunchScreen.storyboard */ = {
			isa = PBXVariantGroup;
			children = (
				CE67FB8F29BB7E6000C21E2F /* Base */,
			);
			name = LaunchScreen.storyboard;
			sourceTree = "<group>";
		};
/* End PBXVariantGroup section */

/* Begin XCBuildConfiguration section */
		CE67FB9229BB7E6000C21E2F /* Debug */ = {
			isa = XCBuildConfiguration;
			buildSettings = {
				ALWAYS_SEARCH_USER_PATHS = NO;
				CLANG_ANALYZER_NONNULL = YES;
				CLANG_ANALYZER_NUMBER_OBJECT_CONVERSION = YES_AGGRESSIVE;
				CLANG_CXX_LANGUAGE_STANDARD = "gnu++14";
				CLANG_CXX_LIBRARY = "libc++";
				CLANG_ENABLE_MODULES = YES;
				CLANG_ENABLE_OBJC_ARC = YES;
				CLANG_ENABLE_OBJC_WEAK = YES;
				CLANG_WARN_BLOCK_CAPTURE_AUTORELEASING = YES;
				CLANG_WARN_BOOL_CONVERSION = YES;
				CLANG_WARN_COMMA = YES;
				CLANG_WARN_CONSTANT_CONVERSION = YES;
				CLANG_WARN_DEPRECATED_OBJC_IMPLEMENTATIONS = YES;
				CLANG_WARN_DIRECT_OBJC_ISA_USAGE = YES_ERROR;
				CLANG_WARN_DOCUMENTATION_COMMENTS = YES;
				CLANG_WARN_EMPTY_BODY = YES;
				CLANG_WARN_ENUM_CONVERSION = YES;
				CLANG_WARN_INFINITE_RECURSION = YES;
				CLANG_WARN_INT_CONVERSION = YES;
				CLANG_WARN_NON_LITERAL_NULL_CONVERSION = YES;
				CLANG_WARN_OBJC_IMPLICIT_RETAIN_SELF = YES;
				CLANG_WARN_OBJC_LITERAL_CONVERSION = YES;
				CLANG_WARN_OBJC_ROOT_CLASS = YES_ERROR;
				CLANG_WARN_QUOTED_INCLUDE_IN_FRAMEWORK_HEADER = YES;
				CLANG_WARN_RANGE_LOOP_ANALYSIS = YES;
				CLANG_WARN_STRICT_PROTOTYPES = YES;
				CLANG_WARN_SUSPICIOUS_MOVE = YES;
				CLANG_WARN_UNGUARDED_AVAILABILITY = YES_AGGRESSIVE;
				CLANG_WARN_UNREACHABLE_CODE = YES;
				CLANG_WARN__DUPLICATE_METHOD_MATCH = YES;
				COPY_PHASE_STRIP = NO;
				DEBUG_INFORMATION_FORMAT = dwarf;
				ENABLE_STRICT_OBJC_MSGSEND = YES;
				ENABLE_TESTABILITY = YES;
				GCC_C_LANGUAGE_STANDARD = gnu11;
				GCC_DYNAMIC_NO_PIC = NO;
				GCC_NO_COMMON_BLOCKS = YES;
				GCC_OPTIMIZATION_LEVEL = 0;
				GCC_PREPROCESSOR_DEFINITIONS = (
					"DEBUG=1",
					"$(inherited)",
				);
				GCC_WARN_64_TO_32_BIT_CONVERSION = YES;
				GCC_WARN_ABOUT_RETURN_TYPE = YES_ERROR;
				GCC_WARN_UNDECLARED_SELECTOR = YES;
				GCC_WARN_UNINITIALIZED_AUTOS = YES_AGGRESSIVE;
				GCC_WARN_UNUSED_FUNCTION = YES;
				GCC_WARN_UNUSED_VARIABLE = YES;
				IPHONEOS_DEPLOYMENT_TARGET = 15.0;
				MTL_ENABLE_DEBUG_INFO = INCLUDE_SOURCE;
				MTL_FAST_MATH = YES;
				ONLY_ACTIVE_ARCH = YES;
				SDKROOT = iphoneos;
				SWIFT_ACTIVE_COMPILATION_CONDITIONS = DEBUG;
				SWIFT_OPTIMIZATION_LEVEL = "-Onone";
			};
			name = Debug;
		};
		CE67FB9329BB7E6000C21E2F /* Release */ = {
			isa = XCBuildConfiguration;
			buildSettings = {
				ALWAYS_SEARCH_USER_PATHS = NO;
				CLANG_ANALYZER_NONNULL = YES;
				CLANG_ANALYZER_NUMBER_OBJECT_CONVERSION = YES_AGGRESSIVE;
				CLANG_CXX_LANGUAGE_STANDARD = "gnu++14";
				CLANG_CXX_LIBRARY = "libc++";
				CLANG_ENABLE_MODULES = YES;
				CLANG_ENABLE_OBJC_ARC = YES;
				CLANG_ENABLE_OBJC_WEAK = YES;
				CLANG_WARN_BLOCK_CAPTURE_AUTORELEASING = YES;
				CLANG_WARN_BOOL_CONVERSION = YES;
				CLANG_WARN_COMMA = YES;
				CLANG_WARN_CONSTANT_CONVERSION = YES;
				CLANG_WARN_DEPRECATED_OBJC_IMPLEMENTATIONS = YES;
				CLANG_WARN_DIRECT_OBJC_ISA_USAGE = YES_ERROR;
				CLANG_WARN_DOCUMENTATION_COMMENTS = YES;
				CLANG_WARN_EMPTY_BODY = YES;
				CLANG_WARN_ENUM_CONVERSION = YES;
				CLANG_WARN_INFINITE_RECURSION = YES;
				CLANG_WARN_INT_CONVERSION = YES;
				CLANG_WARN_NON_LITERAL_NULL_CONVERSION = YES;
				CLANG_WARN_OBJC_IMPLICIT_RETAIN_SELF = YES;
				CLANG_WARN_OBJC_LITERAL_CONVERSION = YES;
				CLANG_WARN_OBJC_ROOT_CLASS = YES_ERROR;
				CLANG_WARN_QUOTED_INCLUDE_IN_FRAMEWORK_HEADER = YES;
				CLANG_WARN_RANGE_LOOP_ANALYSIS = YES;
				CLANG_WARN_STRICT_PROTOTYPES = YES;
				CLANG_WARN_SUSPICIOUS_MOVE = YES;
				CLANG_WARN_UNGUARDED_AVAILABILITY = YES_AGGRESSIVE;
				CLANG_WARN_UNREACHABLE_CODE = YES;
				CLANG_WARN__DUPLICATE_METHOD_MATCH = YES;
				COPY_PHASE_STRIP = NO;
				DEBUG_INFORMATION_FORMAT = "dwarf-with-dsym";
				ENABLE_NS_ASSERTIONS = NO;
				ENABLE_STRICT_OBJC_MSGSEND = YES;
				GCC_C_LANGUAGE_STANDARD = gnu11;
				GCC_NO_COMMON_BLOCKS = YES;
				GCC_WARN_64_TO_32_BIT_CONVERSION = YES;
				GCC_WARN_ABOUT_RETURN_TYPE = YES_ERROR;
				GCC_WARN_UNDECLARED_SELECTOR = YES;
				GCC_WARN_UNINITIALIZED_AUTOS = YES_AGGRESSIVE;
				GCC_WARN_UNUSED_FUNCTION = YES;
				GCC_WARN_UNUSED_VARIABLE = YES;
				IPHONEOS_DEPLOYMENT_TARGET = 15.0;
				MTL_ENABLE_DEBUG_INFO = NO;
				MTL_FAST_MATH = YES;
				SDKROOT = iphoneos;
				SWIFT_COMPILATION_MODE = wholemodule;
				SWIFT_OPTIMIZATION_LEVEL = "-O";
				VALIDATE_PRODUCT = YES;
			};
			name = Release;
		};
		CE67FB9529BB7E6000C21E2F /* Debug */ = {
			isa = XCBuildConfiguration;
			buildSettings = {
				ASSETCATALOG_COMPILER_APPICON_NAME = AppIcon;
				ASSETCATALOG_COMPILER_GLOBAL_ACCENT_COLOR_NAME = AccentColor;
				CODE_SIGN_STYLE = Automatic;
				DEVELOPMENT_TEAM = 8N8TPBLU94;
				INFOPLIST_FILE = BusinessCalculation/Info.plist;
				LD_RUNPATH_SEARCH_PATHS = (
					"$(inherited)",
					"@executable_path/Frameworks",
				);
				PRODUCT_BUNDLE_IDENTIFIER = VPDev.BusinessCalculation;
				PRODUCT_NAME = "$(TARGET_NAME)";
				SWIFT_VERSION = 5.0;
				TARGETED_DEVICE_FAMILY = "1,2";
			};
			name = Debug;
		};
		CE67FB9629BB7E6000C21E2F /* Release */ = {
			isa = XCBuildConfiguration;
			buildSettings = {
				ASSETCATALOG_COMPILER_APPICON_NAME = AppIcon;
				ASSETCATALOG_COMPILER_GLOBAL_ACCENT_COLOR_NAME = AccentColor;
				CODE_SIGN_STYLE = Automatic;
				DEVELOPMENT_TEAM = 8N8TPBLU94;
				INFOPLIST_FILE = BusinessCalculation/Info.plist;
				LD_RUNPATH_SEARCH_PATHS = (
					"$(inherited)",
					"@executable_path/Frameworks",
				);
				PRODUCT_BUNDLE_IDENTIFIER = VPDev.BusinessCalculation;
				PRODUCT_NAME = "$(TARGET_NAME)";
				SWIFT_VERSION = 5.0;
				TARGETED_DEVICE_FAMILY = "1,2";
			};
			name = Release;
		};
/* End XCBuildConfiguration section */

/* Begin XCConfigurationList section */
		CE67FB7B29BB7E5500C21E2F /* Build configuration list for PBXProject "BusinessCalculation" */ = {
			isa = XCConfigurationList;
			buildConfigurations = (
				CE67FB9229BB7E6000C21E2F /* Debug */,
				CE67FB9329BB7E6000C21E2F /* Release */,
			);
			defaultConfigurationIsVisible = 0;
			defaultConfigurationName = Release;
		};
		CE67FB9429BB7E6000C21E2F /* Build configuration list for PBXNativeTarget "BusinessCalculation" */ = {
			isa = XCConfigurationList;
			buildConfigurations = (
				CE67FB9529BB7E6000C21E2F /* Debug */,
				CE67FB9629BB7E6000C21E2F /* Release */,
			);
			defaultConfigurationIsVisible = 0;
			defaultConfigurationName = Release;
		};
/* End XCConfigurationList section */

/* Begin XCRemoteSwiftPackageReference section */
		CE35703B29C4B6DC00A5A0C4 /* XCRemoteSwiftPackageReference "firebase-ios-sdk" */ = {
			isa = XCRemoteSwiftPackageReference;
			repositoryURL = "https://github.com/firebase/firebase-ios-sdk";
			requirement = {
				kind = upToNextMajorVersion;
				minimumVersion = 10.6.0;
			};
		};
		CE35705E29C85D1400A5A0C4 /* XCRemoteSwiftPackageReference "GoogleSignIn-Ios" */ = {
			isa = XCRemoteSwiftPackageReference;
			repositoryURL = "https://github.com/google/GoogleSignIn-Ios";
			requirement = {
				kind = upToNextMajorVersion;
				minimumVersion = 7.0.0;
			};
		};
/* End XCRemoteSwiftPackageReference section */

/* Begin XCSwiftPackageProductDependency section */
		CE35703C29C4B6DC00A5A0C4 /* FirebaseAnalytics */ = {
			isa = XCSwiftPackageProductDependency;
			package = CE35703B29C4B6DC00A5A0C4 /* XCRemoteSwiftPackageReference "firebase-ios-sdk" */;
			productName = FirebaseAnalytics;
		};
		CE35703E29C4B6DC00A5A0C4 /* FirebaseDatabaseSwift */ = {
			isa = XCSwiftPackageProductDependency;
			package = CE35703B29C4B6DC00A5A0C4 /* XCRemoteSwiftPackageReference "firebase-ios-sdk" */;
			productName = FirebaseDatabaseSwift;
		};
		CE35704029C4B6DC00A5A0C4 /* FirebaseFirestoreSwift */ = {
			isa = XCSwiftPackageProductDependency;
			package = CE35703B29C4B6DC00A5A0C4 /* XCRemoteSwiftPackageReference "firebase-ios-sdk" */;
			productName = FirebaseFirestoreSwift;
		};
		CE35704229C4B6DC00A5A0C4 /* FirebaseAuth */ = {
			isa = XCSwiftPackageProductDependency;
			package = CE35703B29C4B6DC00A5A0C4 /* XCRemoteSwiftPackageReference "firebase-ios-sdk" */;
			productName = FirebaseAuth;
		};
		CE35704729C4BEC900A5A0C4 /* FirebaseFirestore */ = {
			isa = XCSwiftPackageProductDependency;
			package = CE35703B29C4B6DC00A5A0C4 /* XCRemoteSwiftPackageReference "firebase-ios-sdk" */;
			productName = FirebaseFirestore;
		};
		CE35704929C4BED300A5A0C4 /* FirebaseDatabase */ = {
			isa = XCSwiftPackageProductDependency;
			package = CE35703B29C4B6DC00A5A0C4 /* XCRemoteSwiftPackageReference "firebase-ios-sdk" */;
			productName = FirebaseDatabase;
		};
		CE35705F29C85D1400A5A0C4 /* GoogleSignIn */ = {
			isa = XCSwiftPackageProductDependency;
			package = CE35705E29C85D1400A5A0C4 /* XCRemoteSwiftPackageReference "GoogleSignIn-Ios" */;
			productName = GoogleSignIn;
		};
		CE35706129C85D1400A5A0C4 /* GoogleSignInSwift */ = {
			isa = XCSwiftPackageProductDependency;
			package = CE35705E29C85D1400A5A0C4 /* XCRemoteSwiftPackageReference "GoogleSignIn-Ios" */;
			productName = GoogleSignInSwift;
		};
/* End XCSwiftPackageProductDependency section */
	};
	rootObject = CE67FB7829BB7E5500C21E2F /* Project object */;
}
